// !$*UTF8*$!
{
	archiveVersion = 1;
	classes = {
	};
	objectVersion = 56;
	objects = {

/* Begin PBXBuildFile section */
		39AA29A329298AD7008A1D39 /* HomeVC.swift in Sources */ = {isa = PBXBuildFile; fileRef = 39AA29A229298AD7008A1D39 /* HomeVC.swift */; };
		39AA29A8292AD827008A1D39 /* Brand.swift in Sources */ = {isa = PBXBuildFile; fileRef = 39AA29A7292AD827008A1D39 /* Brand.swift */; };
		39AA29AE292C1E21008A1D39 /* HomeViewModel.swift in Sources */ = {isa = PBXBuildFile; fileRef = 39AA29AD292C1E21008A1D39 /* HomeViewModel.swift */; };
		39AA29B0292C207D008A1D39 /* SectionTitle.swift in Sources */ = {isa = PBXBuildFile; fileRef = 39AA29AF292C207D008A1D39 /* SectionTitle.swift */; };
		4DE418FF292948AA00A503F2 /* AppDelegate.swift in Sources */ = {isa = PBXBuildFile; fileRef = 4DE418FE292948AA00A503F2 /* AppDelegate.swift */; };
		4DE41901292948AA00A503F2 /* SceneDelegate.swift in Sources */ = {isa = PBXBuildFile; fileRef = 4DE41900292948AA00A503F2 /* SceneDelegate.swift */; };
		4DE41908292948AB00A503F2 /* Assets.xcassets in Resources */ = {isa = PBXBuildFile; fileRef = 4DE41907292948AB00A503F2 /* Assets.xcassets */; };
		4DE4190B292948AB00A503F2 /* LaunchScreen.storyboard in Resources */ = {isa = PBXBuildFile; fileRef = 4DE41909292948AB00A503F2 /* LaunchScreen.storyboard */; };
		4DE41916292948AB00A503F2 /* AppOneTests.swift in Sources */ = {isa = PBXBuildFile; fileRef = 4DE41915292948AB00A503F2 /* AppOneTests.swift */; };
		4DE41920292948AB00A503F2 /* AppOneUITests.swift in Sources */ = {isa = PBXBuildFile; fileRef = 4DE4191F292948AB00A503F2 /* AppOneUITests.swift */; };
		4DE41922292948AB00A503F2 /* AppOneUITestsLaunchTests.swift in Sources */ = {isa = PBXBuildFile; fileRef = 4DE41921292948AB00A503F2 /* AppOneUITestsLaunchTests.swift */; };
/* End PBXBuildFile section */

/* Begin PBXContainerItemProxy section */
		4DE41912292948AB00A503F2 /* PBXContainerItemProxy */ = {
			isa = PBXContainerItemProxy;
			containerPortal = 4DE418F3292948AA00A503F2 /* Project object */;
			proxyType = 1;
			remoteGlobalIDString = 4DE418FA292948AA00A503F2;
			remoteInfo = AppOne;
		};
		4DE4191C292948AB00A503F2 /* PBXContainerItemProxy */ = {
			isa = PBXContainerItemProxy;
			containerPortal = 4DE418F3292948AA00A503F2 /* Project object */;
			proxyType = 1;
			remoteGlobalIDString = 4DE418FA292948AA00A503F2;
			remoteInfo = AppOne;
		};
/* End PBXContainerItemProxy section */

/* Begin PBXFileReference section */
		39AA29A229298AD7008A1D39 /* HomeVC.swift */ = {isa = PBXFileReference; lastKnownFileType = sourcecode.swift; path = HomeVC.swift; sourceTree = "<group>"; };
		39AA29A7292AD827008A1D39 /* Brand.swift */ = {isa = PBXFileReference; lastKnownFileType = sourcecode.swift; path = Brand.swift; sourceTree = "<group>"; };
		39AA29AD292C1E21008A1D39 /* HomeViewModel.swift */ = {isa = PBXFileReference; lastKnownFileType = sourcecode.swift; name = HomeViewModel.swift; path = AppOne/ViewModel/HomeViewModel.swift; sourceTree = SOURCE_ROOT; };
		39AA29AF292C207D008A1D39 /* SectionTitle.swift */ = {isa = PBXFileReference; lastKnownFileType = sourcecode.swift; path = SectionTitle.swift; sourceTree = "<group>"; };
		4DE418FB292948AA00A503F2 /* AppOne.app */ = {isa = PBXFileReference; explicitFileType = wrapper.application; includeInIndex = 0; path = AppOne.app; sourceTree = BUILT_PRODUCTS_DIR; };
		4DE418FE292948AA00A503F2 /* AppDelegate.swift */ = {isa = PBXFileReference; lastKnownFileType = sourcecode.swift; path = AppDelegate.swift; sourceTree = "<group>"; };
		4DE41900292948AA00A503F2 /* SceneDelegate.swift */ = {isa = PBXFileReference; lastKnownFileType = sourcecode.swift; path = SceneDelegate.swift; sourceTree = "<group>"; };
		4DE41907292948AB00A503F2 /* Assets.xcassets */ = {isa = PBXFileReference; lastKnownFileType = folder.assetcatalog; path = Assets.xcassets; sourceTree = "<group>"; };
		4DE4190A292948AB00A503F2 /* Base */ = {isa = PBXFileReference; lastKnownFileType = file.storyboard; name = Base; path = Base.lproj/LaunchScreen.storyboard; sourceTree = "<group>"; };
		4DE4190C292948AB00A503F2 /* Info.plist */ = {isa = PBXFileReference; lastKnownFileType = text.plist.xml; path = Info.plist; sourceTree = "<group>"; };
		4DE41911292948AB00A503F2 /* AppOneTests.xctest */ = {isa = PBXFileReference; explicitFileType = wrapper.cfbundle; includeInIndex = 0; path = AppOneTests.xctest; sourceTree = BUILT_PRODUCTS_DIR; };
		4DE41915292948AB00A503F2 /* AppOneTests.swift */ = {isa = PBXFileReference; lastKnownFileType = sourcecode.swift; path = AppOneTests.swift; sourceTree = "<group>"; };
		4DE4191B292948AB00A503F2 /* AppOneUITests.xctest */ = {isa = PBXFileReference; explicitFileType = wrapper.cfbundle; includeInIndex = 0; path = AppOneUITests.xctest; sourceTree = BUILT_PRODUCTS_DIR; };
		4DE4191F292948AB00A503F2 /* AppOneUITests.swift */ = {isa = PBXFileReference; lastKnownFileType = sourcecode.swift; path = AppOneUITests.swift; sourceTree = "<group>"; };
		4DE41921292948AB00A503F2 /* AppOneUITestsLaunchTests.swift */ = {isa = PBXFileReference; lastKnownFileType = sourcecode.swift; path = AppOneUITestsLaunchTests.swift; sourceTree = "<group>"; };
/* End PBXFileReference section */

/* Begin PBXFrameworksBuildPhase section */
		4DE418F8292948AA00A503F2 /* Frameworks */ = {
			isa = PBXFrameworksBuildPhase;
			buildActionMask = 2147483647;
			files = (
			);
			runOnlyForDeploymentPostprocessing = 0;
		};
		4DE4190E292948AB00A503F2 /* Frameworks */ = {
			isa = PBXFrameworksBuildPhase;
			buildActionMask = 2147483647;
			files = (
			);
			runOnlyForDeploymentPostprocessing = 0;
		};
		4DE41918292948AB00A503F2 /* Frameworks */ = {
			isa = PBXFrameworksBuildPhase;
			buildActionMask = 2147483647;
			files = (
			);
			runOnlyForDeploymentPostprocessing = 0;
		};
/* End PBXFrameworksBuildPhase section */

/* Begin PBXGroup section */
		39AA29A4292AD7B6008A1D39 /* Model */ = {
			isa = PBXGroup;
			children = (
				39AA29A7292AD827008A1D39 /* Brand.swift */,
				39AA29AF292C207D008A1D39 /* SectionTitle.swift */,
			);
			path = Model;
			sourceTree = "<group>";
		};
		39AA29A5292AD7C4008A1D39 /* View */ = {
			isa = PBXGroup;
			children = (
				39AA29A229298AD7008A1D39 /* HomeVC.swift */,
			);
			path = View;
			sourceTree = "<group>";
		};
		4D6DACC32947C02800D78F75 /* ViewModel */ = {
			isa = PBXGroup;
			children = (
				39AA29AD292C1E21008A1D39 /* HomeViewModel.swift */,
			);
			path = ViewModel;
			sourceTree = "<group>";
		};
		4DE418F2292948AA00A503F2 = {
			isa = PBXGroup;
			children = (
				4DE418FD292948AA00A503F2 /* AppOne */,
				4DE41914292948AB00A503F2 /* AppOneTests */,
				4DE4191E292948AB00A503F2 /* AppOneUITests */,
				4DE418FC292948AA00A503F2 /* Products */,
			);
			sourceTree = "<group>";
		};
		4DE418FC292948AA00A503F2 /* Products */ = {
			isa = PBXGroup;
			children = (
				4DE418FB292948AA00A503F2 /* AppOne.app */,
				4DE41911292948AB00A503F2 /* AppOneTests.xctest */,
				4DE4191B292948AB00A503F2 /* AppOneUITests.xctest */,
			);
			name = Products;
			sourceTree = "<group>";
		};
		4DE418FD292948AA00A503F2 /* AppOne */ = {
			isa = PBXGroup;
			children = (
				39AA29A4292AD7B6008A1D39 /* Model */,
				39AA29A5292AD7C4008A1D39 /* View */,
				4D6DACC32947C02800D78F75 /* ViewModel */,
				4DE418FE292948AA00A503F2 /* AppDelegate.swift */,
				4DE41900292948AA00A503F2 /* SceneDelegate.swift */,
				4DE41907292948AB00A503F2 /* Assets.xcassets */,
				4DE41909292948AB00A503F2 /* LaunchScreen.storyboard */,
				4DE4190C292948AB00A503F2 /* Info.plist */,
			);
			path = AppOne;
			sourceTree = "<group>";
		};
		4DE41914292948AB00A503F2 /* AppOneTests */ = {
			isa = PBXGroup;
			children = (
				4DE41915292948AB00A503F2 /* AppOneTests.swift */,
			);
			path = AppOneTests;
			sourceTree = "<group>";
		};
		4DE4191E292948AB00A503F2 /* AppOneUITests */ = {
			isa = PBXGroup;
			children = (
				4DE4191F292948AB00A503F2 /* AppOneUITests.swift */,
				4DE41921292948AB00A503F2 /* AppOneUITestsLaunchTests.swift */,
			);
			path = AppOneUITests;
			sourceTree = "<group>";
		};
/* End PBXGroup section */

/* Begin PBXNativeTarget section */
		4DE418FA292948AA00A503F2 /* AppOne */ = {
			isa = PBXNativeTarget;
			buildConfigurationList = 4DE41925292948AB00A503F2 /* Build configuration list for PBXNativeTarget "AppOne" */;
			buildPhases = (
				4DE418F7292948AA00A503F2 /* Sources */,
				4DE418F8292948AA00A503F2 /* Frameworks */,
				4DE418F9292948AA00A503F2 /* Resources */,
			);
			buildRules = (
			);
			dependencies = (
			);
			name = AppOne;
			productName = AppOne;
			productReference = 4DE418FB292948AA00A503F2 /* AppOne.app */;
			productType = "com.apple.product-type.application";
		};
		4DE41910292948AB00A503F2 /* AppOneTests */ = {
			isa = PBXNativeTarget;
			buildConfigurationList = 4DE41928292948AB00A503F2 /* Build configuration list for PBXNativeTarget "AppOneTests" */;
			buildPhases = (
				4DE4190D292948AB00A503F2 /* Sources */,
				4DE4190E292948AB00A503F2 /* Frameworks */,
				4DE4190F292948AB00A503F2 /* Resources */,
			);
			buildRules = (
			);
			dependencies = (
				4DE41913292948AB00A503F2 /* PBXTargetDependency */,
			);
			name = AppOneTests;
			productName = AppOneTests;
			productReference = 4DE41911292948AB00A503F2 /* AppOneTests.xctest */;
			productType = "com.apple.product-type.bundle.unit-test";
		};
		4DE4191A292948AB00A503F2 /* AppOneUITests */ = {
			isa = PBXNativeTarget;
			buildConfigurationList = 4DE4192B292948AB00A503F2 /* Build configuration list for PBXNativeTarget "AppOneUITests" */;
			buildPhases = (
				4DE41917292948AB00A503F2 /* Sources */,
				4DE41918292948AB00A503F2 /* Frameworks */,
				4DE41919292948AB00A503F2 /* Resources */,
			);
			buildRules = (
			);
			dependencies = (
				4DE4191D292948AB00A503F2 /* PBXTargetDependency */,
			);
			name = AppOneUITests;
			productName = AppOneUITests;
			productReference = 4DE4191B292948AB00A503F2 /* AppOneUITests.xctest */;
			productType = "com.apple.product-type.bundle.ui-testing";
		};
/* End PBXNativeTarget section */

/* Begin PBXProject section */
		4DE418F3292948AA00A503F2 /* Project object */ = {
			isa = PBXProject;
			attributes = {
				BuildIndependentTargetsInParallel = 1;
				LastSwiftUpdateCheck = 1410;
				LastUpgradeCheck = 1410;
				TargetAttributes = {
					4DE418FA292948AA00A503F2 = {
						CreatedOnToolsVersion = 14.1;
					};
					4DE41910292948AB00A503F2 = {
						CreatedOnToolsVersion = 14.1;
						TestTargetID = 4DE418FA292948AA00A503F2;
					};
					4DE4191A292948AB00A503F2 = {
						CreatedOnToolsVersion = 14.1;
						TestTargetID = 4DE418FA292948AA00A503F2;
					};
				};
			};
			buildConfigurationList = 4DE418F6292948AA00A503F2 /* Build configuration list for PBXProject "AppOne" */;
			compatibilityVersion = "Xcode 14.0";
			developmentRegion = en;
			hasScannedForEncodings = 0;
			knownRegions = (
				en,
				Base,
			);
			mainGroup = 4DE418F2292948AA00A503F2;
			productRefGroup = 4DE418FC292948AA00A503F2 /* Products */;
			projectDirPath = "";
			projectRoot = "";
			targets = (
				4DE418FA292948AA00A503F2 /* AppOne */,
				4DE41910292948AB00A503F2 /* AppOneTests */,
				4DE4191A292948AB00A503F2 /* AppOneUITests */,
			);
		};
/* End PBXProject section */

/* Begin PBXResourcesBuildPhase section */
		4DE418F9292948AA00A503F2 /* Resources */ = {
			isa = PBXResourcesBuildPhase;
			buildActionMask = 2147483647;
			files = (
				4DE4190B292948AB00A503F2 /* LaunchScreen.storyboard in Resources */,
				4DE41908292948AB00A503F2 /* Assets.xcassets in Resources */,
			);
			runOnlyForDeploymentPostprocessing = 0;
		};
		4DE4190F292948AB00A503F2 /* Resources */ = {
			isa = PBXResourcesBuildPhase;
			buildActionMask = 2147483647;
			files = (
			);
			runOnlyForDeploymentPostprocessing = 0;
		};
		4DE41919292948AB00A503F2 /* Resources */ = {
			isa = PBXResourcesBuildPhase;
			buildActionMask = 2147483647;
			files = (
			);
			runOnlyForDeploymentPostprocessing = 0;
		};
/* End PBXResourcesBuildPhase section */

/* Begin PBXSourcesBuildPhase section */
		4DE418F7292948AA00A503F2 /* Sources */ = {
			isa = PBXSourcesBuildPhase;
			buildActionMask = 2147483647;
			files = (
				39AA29B0292C207D008A1D39 /* SectionTitle.swift in Sources */,
				39AA29A329298AD7008A1D39 /* HomeVC.swift in Sources */,
				39AA29A8292AD827008A1D39 /* Brand.swift in Sources */,
				4DE418FF292948AA00A503F2 /* AppDelegate.swift in Sources */,
				39AA29AE292C1E21008A1D39 /* HomeViewModel.swift in Sources */,
				4DE41901292948AA00A503F2 /* SceneDelegate.swift in Sources */,
			);
			runOnlyForDeploymentPostprocessing = 0;
		};
		4DE4190D292948AB00A503F2 /* Sources */ = {
			isa = PBXSourcesBuildPhase;
			buildActionMask = 2147483647;
			files = (
				4DE41916292948AB00A503F2 /* AppOneTests.swift in Sources */,
			);
			runOnlyForDeploymentPostprocessing = 0;
		};
		4DE41917292948AB00A503F2 /* Sources */ = {
			isa = PBXSourcesBuildPhase;
			buildActionMask = 2147483647;
			files = (
				4DE41920292948AB00A503F2 /* AppOneUITests.swift in Sources */,
				4DE41922292948AB00A503F2 /* AppOneUITestsLaunchTests.swift in Sources */,
			);
			runOnlyForDeploymentPostprocessing = 0;
		};
/* End PBXSourcesBuildPhase section */

/* Begin PBXTargetDependency section */
		4DE41913292948AB00A503F2 /* PBXTargetDependency */ = {
			isa = PBXTargetDependency;
			target = 4DE418FA292948AA00A503F2 /* AppOne */;
			targetProxy = 4DE41912292948AB00A503F2 /* PBXContainerItemProxy */;
		};
		4DE4191D292948AB00A503F2 /* PBXTargetDependency */ = {
			isa = PBXTargetDependency;
			target = 4DE418FA292948AA00A503F2 /* AppOne */;
			targetProxy = 4DE4191C292948AB00A503F2 /* PBXContainerItemProxy */;
		};
/* End PBXTargetDependency section */

/* Begin PBXVariantGroup section */
		4DE41909292948AB00A503F2 /* LaunchScreen.storyboard */ = {
			isa = PBXVariantGroup;
			children = (
				4DE4190A292948AB00A503F2 /* Base */,
			);
			name = LaunchScreen.storyboard;
			sourceTree = "<group>";
		};
/* End PBXVariantGroup section */

/* Begin XCBuildConfiguration section */
		4DE41923292948AB00A503F2 /* Debug */ = {
			isa = XCBuildConfiguration;
			buildSettings = {
				ALWAYS_SEARCH_USER_PATHS = NO;
				CLANG_ANALYZER_NONNULL = YES;
				CLANG_ANALYZER_NUMBER_OBJECT_CONVERSION = YES_AGGRESSIVE;
				CLANG_CXX_LANGUAGE_STANDARD = "gnu++20";
				CLANG_ENABLE_MODULES = YES;
				CLANG_ENABLE_OBJC_ARC = YES;
				CLANG_ENABLE_OBJC_WEAK = YES;
				CLANG_WARN_BLOCK_CAPTURE_AUTORELEASING = YES;
				CLANG_WARN_BOOL_CONVERSION = YES;
				CLANG_WARN_COMMA = YES;
				CLANG_WARN_CONSTANT_CONVERSION = YES;
				CLANG_WARN_DEPRECATED_OBJC_IMPLEMENTATIONS = YES;
				CLANG_WARN_DIRECT_OBJC_ISA_USAGE = YES_ERROR;
				CLANG_WARN_DOCUMENTATION_COMMENTS = YES;
				CLANG_WARN_EMPTY_BODY = YES;
				CLANG_WARN_ENUM_CONVERSION = YES;
				CLANG_WARN_INFINITE_RECURSION = YES;
				CLANG_WARN_INT_CONVERSION = YES;
				CLANG_WARN_NON_LITERAL_NULL_CONVERSION = YES;
				CLANG_WARN_OBJC_IMPLICIT_RETAIN_SELF = YES;
				CLANG_WARN_OBJC_LITERAL_CONVERSION = YES;
				CLANG_WARN_OBJC_ROOT_CLASS = YES_ERROR;
				CLANG_WARN_QUOTED_INCLUDE_IN_FRAMEWORK_HEADER = YES;
				CLANG_WARN_RANGE_LOOP_ANALYSIS = YES;
				CLANG_WARN_STRICT_PROTOTYPES = YES;
				CLANG_WARN_SUSPICIOUS_MOVE = YES;
				CLANG_WARN_UNGUARDED_AVAILABILITY = YES_AGGRESSIVE;
				CLANG_WARN_UNREACHABLE_CODE = YES;
				CLANG_WARN__DUPLICATE_METHOD_MATCH = YES;
				COPY_PHASE_STRIP = NO;
				DEBUG_INFORMATION_FORMAT = dwarf;
				ENABLE_STRICT_OBJC_MSGSEND = YES;
				ENABLE_TESTABILITY = YES;
				GCC_C_LANGUAGE_STANDARD = gnu11;
				GCC_DYNAMIC_NO_PIC = NO;
				GCC_NO_COMMON_BLOCKS = YES;
				GCC_OPTIMIZATION_LEVEL = 0;
				GCC_PREPROCESSOR_DEFINITIONS = (
					"DEBUG=1",
					"$(inherited)",
				);
				GCC_WARN_64_TO_32_BIT_CONVERSION = YES;
				GCC_WARN_ABOUT_RETURN_TYPE = YES_ERROR;
				GCC_WARN_UNDECLARED_SELECTOR = YES;
				GCC_WARN_UNINITIALIZED_AUTOS = YES_AGGRESSIVE;
				GCC_WARN_UNUSED_FUNCTION = YES;
				GCC_WARN_UNUSED_VARIABLE = YES;
				IPHONEOS_DEPLOYMENT_TARGET = 16.0;
				MTL_ENABLE_DEBUG_INFO = INCLUDE_SOURCE;
				MTL_FAST_MATH = YES;
				ONLY_ACTIVE_ARCH = YES;
				SDKROOT = iphoneos;
				SWIFT_ACTIVE_COMPILATION_CONDITIONS = DEBUG;
				SWIFT_OPTIMIZATION_LEVEL = "-Onone";
			};
			name = Debug;
		};
		4DE41924292948AB00A503F2 /* Release */ = {
			isa = XCBuildConfiguration;
			buildSettings = {
				ALWAYS_SEARCH_USER_PATHS = NO;
				CLANG_ANALYZER_NONNULL = YES;
				CLANG_ANALYZER_NUMBER_OBJECT_CONVERSION = YES_AGGRESSIVE;
				CLANG_CXX_LANGUAGE_STANDARD = "gnu++20";
				CLANG_ENABLE_MODULES = YES;
				CLANG_ENABLE_OBJC_ARC = YES;
				CLANG_ENABLE_OBJC_WEAK = YES;
				CLANG_WARN_BLOCK_CAPTURE_AUTORELEASING = YES;
				CLANG_WARN_BOOL_CONVERSION = YES;
				CLANG_WARN_COMMA = YES;
				CLANG_WARN_CONSTANT_CONVERSION = YES;
				CLANG_WARN_DEPRECATED_OBJC_IMPLEMENTATIONS = YES;
				CLANG_WARN_DIRECT_OBJC_ISA_USAGE = YES_ERROR;
				CLANG_WARN_DOCUMENTATION_COMMENTS = YES;
				CLANG_WARN_EMPTY_BODY = YES;
				CLANG_WARN_ENUM_CONVERSION = YES;
				CLANG_WARN_INFINITE_RECURSION = YES;
				CLANG_WARN_INT_CONVERSION = YES;
				CLANG_WARN_NON_LITERAL_NULL_CONVERSION = YES;
				CLANG_WARN_OBJC_IMPLICIT_RETAIN_SELF = YES;
				CLANG_WARN_OBJC_LITERAL_CONVERSION = YES;
				CLANG_WARN_OBJC_ROOT_CLASS = YES_ERROR;
				CLANG_WARN_QUOTED_INCLUDE_IN_FRAMEWORK_HEADER = YES;
				CLANG_WARN_RANGE_LOOP_ANALYSIS = YES;
				CLANG_WARN_STRICT_PROTOTYPES = YES;
				CLANG_WARN_SUSPICIOUS_MOVE = YES;
				CLANG_WARN_UNGUARDED_AVAILABILITY = YES_AGGRESSIVE;
				CLANG_WARN_UNREACHABLE_CODE = YES;
				CLANG_WARN__DUPLICATE_METHOD_MATCH = YES;
				COPY_PHASE_STRIP = NO;
				DEBUG_INFORMATION_FORMAT = "dwarf-with-dsym";
				ENABLE_NS_ASSERTIONS = NO;
				ENABLE_STRICT_OBJC_MSGSEND = YES;
				GCC_C_LANGUAGE_STANDARD = gnu11;
				GCC_NO_COMMON_BLOCKS = YES;
				GCC_WARN_64_TO_32_BIT_CONVERSION = YES;
				GCC_WARN_ABOUT_RETURN_TYPE = YES_ERROR;
				GCC_WARN_UNDECLARED_SELECTOR = YES;
				GCC_WARN_UNINITIALIZED_AUTOS = YES_AGGRESSIVE;
				GCC_WARN_UNUSED_FUNCTION = YES;
				GCC_WARN_UNUSED_VARIABLE = YES;
				IPHONEOS_DEPLOYMENT_TARGET = 16.0;
				MTL_ENABLE_DEBUG_INFO = NO;
				MTL_FAST_MATH = YES;
				SDKROOT = iphoneos;
				SWIFT_COMPILATION_MODE = wholemodule;
				SWIFT_OPTIMIZATION_LEVEL = "-O";
				VALIDATE_PRODUCT = YES;
			};
			name = Release;
		};
		4DE41926292948AB00A503F2 /* Debug */ = {
			isa = XCBuildConfiguration;
			buildSettings = {
				ASSETCATALOG_COMPILER_APPICON_NAME = AppIcon;
				ASSETCATALOG_COMPILER_GLOBAL_ACCENT_COLOR_NAME = AccentColor;
				CODE_SIGN_STYLE = Automatic;
				CURRENT_PROJECT_VERSION = 1;
				DEVELOPMENT_TEAM = AA5G52P3D5;
				GENERATE_INFOPLIST_FILE = YES;
				INFOPLIST_FILE = AppOne/Info.plist;
				INFOPLIST_KEY_UIApplicationSupportsIndirectInputEvents = YES;
				INFOPLIST_KEY_UILaunchStoryboardName = LaunchScreen;
				INFOPLIST_KEY_UISupportedInterfaceOrientations_iPad = "UIInterfaceOrientationPortrait UIInterfaceOrientationPortraitUpsideDown UIInterfaceOrientationLandscapeLeft UIInterfaceOrientationLandscapeRight";
				INFOPLIST_KEY_UISupportedInterfaceOrientations_iPhone = "UIInterfaceOrientationPortrait UIInterfaceOrientationLandscapeLeft UIInterfaceOrientationLandscapeRight";
				LD_RUNPATH_SEARCH_PATHS = (
					"$(inherited)",
					"@executable_path/Frameworks",
				);
				MARKETING_VERSION = 1.0;
				PRODUCT_BUNDLE_IDENTIFIER = com.joeHo.AppOne;
				PRODUCT_NAME = "$(TARGET_NAME)";
				SWIFT_EMIT_LOC_STRINGS = YES;
				SWIFT_VERSION = 5.0;
				TARGETED_DEVICE_FAMILY = "1,2";
			};
			name = Debug;
		};
		4DE41927292948AB00A503F2 /* Release */ = {
			isa = XCBuildConfiguration;
			buildSettings = {
				ASSETCATALOG_COMPILER_APPICON_NAME = AppIcon;
				ASSETCATALOG_COMPILER_GLOBAL_ACCENT_COLOR_NAME = AccentColor;
				CODE_SIGN_STYLE = Automatic;
				CURRENT_PROJECT_VERSION = 1;
				DEVELOPMENT_TEAM = AA5G52P3D5;
				GENERATE_INFOPLIST_FILE = YES;
				INFOPLIST_FILE = AppOne/Info.plist;
				INFOPLIST_KEY_UIApplicationSupportsIndirectInputEvents = YES;
				INFOPLIST_KEY_UILaunchStoryboardName = LaunchScreen;
				INFOPLIST_KEY_UISupportedInterfaceOrientations_iPad = "UIInterfaceOrientationPortrait UIInterfaceOrientationPortraitUpsideDown UIInterfaceOrientationLandscapeLeft UIInterfaceOrientationLandscapeRight";
				INFOPLIST_KEY_UISupportedInterfaceOrientations_iPhone = "UIInterfaceOrientationPortrait UIInterfaceOrientationLandscapeLeft UIInterfaceOrientationLandscapeRight";
				LD_RUNPATH_SEARCH_PATHS = (
					"$(inherited)",
					"@executable_path/Frameworks",
				);
				MARKETING_VERSION = 1.0;
				PRODUCT_BUNDLE_IDENTIFIER = com.joeHo.AppOne;
				PRODUCT_NAME = "$(TARGET_NAME)";
				SWIFT_EMIT_LOC_STRINGS = YES;
				SWIFT_VERSION = 5.0;
				TARGETED_DEVICE_FAMILY = "1,2";
			};
			name = Release;
		};
		4DE41929292948AB00A503F2 /* Debug */ = {
			isa = XCBuildConfiguration;
			buildSettings = {
				ALWAYS_EMBED_SWIFT_STANDARD_LIBRARIES = YES;
				BUNDLE_LOADER = "$(TEST_HOST)";
				CODE_SIGN_STYLE = Automatic;
				CURRENT_PROJECT_VERSION = 1;
				DEVELOPMENT_TEAM = AA5G52P3D5;
				GENERATE_INFOPLIST_FILE = YES;
				IPHONEOS_DEPLOYMENT_TARGET = 16.1;
				MARKETING_VERSION = 1.0;
				PRODUCT_BUNDLE_IDENTIFIER = com.joeHo.AppOneTests;
				PRODUCT_NAME = "$(TARGET_NAME)";
				SWIFT_EMIT_LOC_STRINGS = NO;
				SWIFT_VERSION = 5.0;
				TARGETED_DEVICE_FAMILY = "1,2";
				TEST_HOST = "$(BUILT_PRODUCTS_DIR)/AppOne.app/$(BUNDLE_EXECUTABLE_FOLDER_PATH)/AppOne";
			};
			name = Debug;
		};
		4DE4192A292948AB00A503F2 /* Release */ = {
			isa = XCBuildConfiguration;
			buildSettings = {
				ALWAYS_EMBED_SWIFT_STANDARD_LIBRARIES = YES;
				BUNDLE_LOADER = "$(TEST_HOST)";
				CODE_SIGN_STYLE = Automatic;
				CURRENT_PROJECT_VERSION = 1;
				DEVELOPMENT_TEAM = AA5G52P3D5;
				GENERATE_INFOPLIST_FILE = YES;
				IPHONEOS_DEPLOYMENT_TARGET = 16.1;
				MARKETING_VERSION = 1.0;
				PRODUCT_BUNDLE_IDENTIFIER = com.joeHo.AppOneTests;
				PRODUCT_NAME = "$(TARGET_NAME)";
				SWIFT_EMIT_LOC_STRINGS = NO;
				SWIFT_VERSION = 5.0;
				TARGETED_DEVICE_FAMILY = "1,2";
				TEST_HOST = "$(BUILT_PRODUCTS_DIR)/AppOne.app/$(BUNDLE_EXECUTABLE_FOLDER_PATH)/AppOne";
			};
			name = Release;
		};
		4DE4192C292948AB00A503F2 /* Debug */ = {
			isa = XCBuildConfiguration;
			buildSettings = {
				ALWAYS_EMBED_SWIFT_STANDARD_LIBRARIES = YES;
				CODE_SIGN_STYLE = Automatic;
				CURRENT_PROJECT_VERSION = 1;
				DEVELOPMENT_TEAM = AA5G52P3D5;
				GENERATE_INFOPLIST_FILE = YES;
				MARKETING_VERSION = 1.0;
				PRODUCT_BUNDLE_IDENTIFIER = com.joeHo.AppOneUITests;
				PRODUCT_NAME = "$(TARGET_NAME)";
				SWIFT_EMIT_LOC_STRINGS = NO;
				SWIFT_VERSION = 5.0;
				TARGETED_DEVICE_FAMILY = "1,2";
				TEST_TARGET_NAME = AppOne;
			};
			name = Debug;
		};
		4DE4192D292948AB00A503F2 /* Release */ = {
			isa = XCBuildConfiguration;
			buildSettings = {
				ALWAYS_EMBED_SWIFT_STANDARD_LIBRARIES = YES;
				CODE_SIGN_STYLE = Automatic;
				CURRENT_PROJECT_VERSION = 1;
				DEVELOPMENT_TEAM = AA5G52P3D5;
				GENERATE_INFOPLIST_FILE = YES;
				MARKETING_VERSION = 1.0;
				PRODUCT_BUNDLE_IDENTIFIER = com.joeHo.AppOneUITests;
				PRODUCT_NAME = "$(TARGET_NAME)";
				SWIFT_EMIT_LOC_STRINGS = NO;
				SWIFT_VERSION = 5.0;
				TARGETED_DEVICE_FAMILY = "1,2";
				TEST_TARGET_NAME = AppOne;
			};
			name = Release;
		};
/* End XCBuildConfiguration section */

/* Begin XCConfigurationList section */
		4DE418F6292948AA00A503F2 /* Build configuration list for PBXProject "AppOne" */ = {
			isa = XCConfigurationList;
			buildConfigurations = (
				4DE41923292948AB00A503F2 /* Debug */,
				4DE41924292948AB00A503F2 /* Release */,
			);
			defaultConfigurationIsVisible = 0;
			defaultConfigurationName = Release;
		};
		4DE41925292948AB00A503F2 /* Build configuration list for PBXNativeTarget "AppOne" */ = {
			isa = XCConfigurationList;
			buildConfigurations = (
				4DE41926292948AB00A503F2 /* Debug */,
				4DE41927292948AB00A503F2 /* Release */,
			);
			defaultConfigurationIsVisible = 0;
			defaultConfigurationName = Release;
		};
		4DE41928292948AB00A503F2 /* Build configuration list for PBXNativeTarget "AppOneTests" */ = {
			isa = XCConfigurationList;
			buildConfigurations = (
				4DE41929292948AB00A503F2 /* Debug */,
				4DE4192A292948AB00A503F2 /* Release */,
			);
			defaultConfigurationIsVisible = 0;
			defaultConfigurationName = Release;
		};
		4DE4192B292948AB00A503F2 /* Build configuration list for PBXNativeTarget "AppOneUITests" */ = {
			isa = XCConfigurationList;
			buildConfigurations = (
				4DE4192C292948AB00A503F2 /* Debug */,
				4DE4192D292948AB00A503F2 /* Release */,
			);
			defaultConfigurationIsVisible = 0;
			defaultConfigurationName = Release;
		};
/* End XCConfigurationList section */
	};
	rootObject = 4DE418F3292948AA00A503F2 /* Project object */;
}
